
Microsoft Visual Studio Solution File, Format Version 12.00
# Visual Studio Version 16
VisualStudioVersion = 25.0.1706.5
MinimumVisualStudioVersion = 10.0.40219.1
Project("{FAE04EC0-301F-11D3-BF4B-00C04F79EFBC}") = "APIVersioning", "APIVersioning.csproj", "{D1E38905-C4DF-4062-931A-E3E47943EA90}"
EndProject
Global
	GlobalSection(SolutionConfigurationPlatforms) = preSolution
		Debug|Any CPU = Debug|Any CPU
		Release|Any CPU = Release|Any CPU
	EndGlobalSection
	GlobalSection(ProjectConfigurationPlatforms) = postSolution
		{D1E38905-C4DF-4062-931A-E3E47943EA90}.Debug|Any CPU.ActiveCfg = Debug|Any CPU
		{D1E38905-C4DF-4062-931A-E3E47943EA90}.Debug|Any CPU.Build.0 = Debug|Any CPU
		{D1E38905-C4DF-4062-931A-E3E47943EA90}.Release|Any CPU.ActiveCfg = Release|Any CPU
		{D1E38905-C4DF-4062-931A-E3E47943EA90}.Release|Any CPU.Build.0 = Release|Any CPU
	EndGlobalSection
	GlobalSection(SolutionProperties) = preSolution
		HideSolutionNode = FALSE
	EndGlobalSection
	GlobalSection(ExtensibilityGlobals) = postSolution
		SolutionGuid = {58B3B770-5CA8-4F05-B7F3-034128BCAE9B}
	EndGlobalSection
EndGlobal
