
Microsoft Visual Studio Solution File, Format Version 12.00
# Visual Studio Version 16
VisualStudioVersion = 25.0.1706.6
MinimumVisualStudioVersion = 10.0.40219.1
Project("{FAE04EC0-301F-11D3-BF4B-00C04F79EFBC}") = "Gargoyles", "Gargoyles.csproj", "{44F75F11-C892-47BB-87D4-7F653F8DBB77}"
EndProject
Global
	GlobalSection(SolutionConfigurationPlatforms) = preSolution
		Debug|Any CPU = Debug|Any CPU
		Release|Any CPU = Release|Any CPU
	EndGlobalSection
	GlobalSection(ProjectConfigurationPlatforms) = postSolution
		{44F75F11-C892-47BB-87D4-7F653F8DBB77}.Debug|Any CPU.ActiveCfg = Debug|Any CPU
		{44F75F11-C892-47BB-87D4-7F653F8DBB77}.Debug|Any CPU.Build.0 = Debug|Any CPU
		{44F75F11-C892-47BB-87D4-7F653F8DBB77}.Release|Any CPU.ActiveCfg = Release|Any CPU
		{44F75F11-C892-47BB-87D4-7F653F8DBB77}.Release|Any CPU.Build.0 = Release|Any CPU
	EndGlobalSection
	GlobalSection(SolutionProperties) = preSolution
		HideSolutionNode = FALSE
	EndGlobalSection
	GlobalSection(ExtensibilityGlobals) = postSolution
		SolutionGuid = {D14E5AA9-2A98-44B6-B75D-67B2C5D90EF5}
	EndGlobalSection
EndGlobal
