
Microsoft Visual Studio Solution File, Format Version 12.00
# Visual Studio Version 16
VisualStudioVersion = 25.0.1706.5
MinimumVisualStudioVersion = 10.0.40219.1
Project("{FAE04EC0-301F-11D3-BF4B-00C04F79EFBC}") = "Kuscotopia", "Kuscotopia.csproj", "{BE0357B6-39AE-4B23-AD2A-6AD35CF17D4B}"
EndProject
Global
	GlobalSection(SolutionConfigurationPlatforms) = preSolution
		Debug|Any CPU = Debug|Any CPU
		Release|Any CPU = Release|Any CPU
	EndGlobalSection
	GlobalSection(ProjectConfigurationPlatforms) = postSolution
		{BE0357B6-39AE-4B23-AD2A-6AD35CF17D4B}.Debug|Any CPU.ActiveCfg = Debug|Any CPU
		{BE0357B6-39AE-4B23-AD2A-6AD35CF17D4B}.Debug|Any CPU.Build.0 = Debug|Any CPU
		{BE0357B6-39AE-4B23-AD2A-6AD35CF17D4B}.Release|Any CPU.ActiveCfg = Release|Any CPU
		{BE0357B6-39AE-4B23-AD2A-6AD35CF17D4B}.Release|Any CPU.Build.0 = Release|Any CPU
	EndGlobalSection
	GlobalSection(SolutionProperties) = preSolution
		HideSolutionNode = FALSE
	EndGlobalSection
	GlobalSection(ExtensibilityGlobals) = postSolution
		SolutionGuid = {F3B0AA0F-0E2E-4F62-912D-5AD224203D77}
	EndGlobalSection
EndGlobal
